
Microsoft Visual Studio Solution File, Format Version 12.00
# Visual Studio Version 16
VisualStudioVersion = 16.0.34031.81
MinimumVisualStudioVersion = 10.0.40219.1
Project("{FAE04EC0-301F-11D3-BF4B-00C04F79EFBC}") = "GestionDeActivos", "GestionDeActivos\GestionDeActivos.csproj", "{89C01281-CC4B-4A91-BA10-AABF7AE7E66E}"
EndProject
Global
	GlobalSection(SolutionConfigurationPlatforms) = preSolution
		Debug|Any CPU = Debug|Any CPU
		Release|Any CPU = Release|Any CPU
	EndGlobalSection
	GlobalSection(ProjectConfigurationPlatforms) = postSolution
		{89C01281-CC4B-4A91-BA10-AABF7AE7E66E}.Debug|Any CPU.ActiveCfg = Debug|Any CPU
		{89C01281-CC4B-4A91-BA10-AABF7AE7E66E}.Debug|Any CPU.Build.0 = Debug|Any CPU
		{89C01281-CC4B-4A91-BA10-AABF7AE7E66E}.Release|Any CPU.ActiveCfg = Release|Any CPU
		{89C01281-CC4B-4A91-BA10-AABF7AE7E66E}.Release|Any CPU.Build.0 = Release|Any CPU
	EndGlobalSection
	GlobalSection(SolutionProperties) = preSolution
		HideSolutionNode = FALSE
	EndGlobalSection
	GlobalSection(ExtensibilityGlobals) = postSolution
		SolutionGuid = {8C2B9663-5588-4F91-A66D-4C254CE38DD3}
	EndGlobalSection
EndGlobal
